
Microsoft Visual Studio Solution File, Format Version 12.00
# Visual Studio Version 16
VisualStudioVersion = 16.0.30804.86
MinimumVisualStudioVersion = 10.0.40219.1
Project("{FAE04EC0-301F-11D3-BF4B-00C04F79EFBC}") = "lib", "lib\lib.csproj", "{5615D210-A8CF-4012-BB2B-3EE7E828ECA6}"
EndProject
Project("{FAE04EC0-301F-11D3-BF4B-00C04F79EFBC}") = "Tests", "Tests\Tests.csproj", "{59A8A5C7-B82A-4C6A-AEB4-E944E70F395A}"
EndProject
Global
	GlobalSection(SolutionConfigurationPlatforms) = preSolution
		Debug|Any CPU = Debug|Any CPU
		Release|Any CPU = Release|Any CPU
	EndGlobalSection
	GlobalSection(ProjectConfigurationPlatforms) = postSolution
		{5615D210-A8CF-4012-BB2B-3EE7E828ECA6}.Debug|Any CPU.ActiveCfg = Debug|Any CPU
		{5615D210-A8CF-4012-BB2B-3EE7E828ECA6}.Debug|Any CPU.Build.0 = Debug|Any CPU
		{5615D210-A8CF-4012-BB2B-3EE7E828ECA6}.Release|Any CPU.ActiveCfg = Release|Any CPU
		{5615D210-A8CF-4012-BB2B-3EE7E828ECA6}.Release|Any CPU.Build.0 = Release|Any CPU
		{59A8A5C7-B82A-4C6A-AEB4-E944E70F395A}.Debug|Any CPU.ActiveCfg = Debug|Any CPU
		{59A8A5C7-B82A-4C6A-AEB4-E944E70F395A}.Debug|Any CPU.Build.0 = Debug|Any CPU
		{59A8A5C7-B82A-4C6A-AEB4-E944E70F395A}.Release|Any CPU.ActiveCfg = Release|Any CPU
		{59A8A5C7-B82A-4C6A-AEB4-E944E70F395A}.Release|Any CPU.Build.0 = Release|Any CPU
	EndGlobalSection
	GlobalSection(SolutionProperties) = preSolution
		HideSolutionNode = FALSE
	EndGlobalSection
	GlobalSection(ExtensibilityGlobals) = postSolution
		SolutionGuid = {04F89BCA-0A7C-40FA-84B5-F55044C8CBDC}
	EndGlobalSection
EndGlobal
